
Microsoft Visual Studio Solution File, Format Version 12.00
# Visual Studio Version 16
VisualStudioVersion = 16.0.30611.23
MinimumVisualStudioVersion = 10.0.40219.1
Project("{9A19103F-16F7-4668-BE54-9A1E7A4F7556}") = "IndianStatesCensusAnalyser", "IndianStatesCensusAnalyser\IndianStatesCensusAnalyser.csproj", "{FEFC62A5-7B42-4DF6-86CA-0C57D1984A17}"
EndProject
Project("{FAE04EC0-301F-11D3-BF4B-00C04F79EFBC}") = "CensusAnalyserTest", "CensusAnalyserTestLive\CensusAnalyserTest.csproj", "{901A7838-9CAA-4C4E-9D34-FD1ECEFB9E57}"
EndProject
Global
	GlobalSection(SolutionConfigurationPlatforms) = preSolution
		Debug|Any CPU = Debug|Any CPU
		Release|Any CPU = Release|Any CPU
	EndGlobalSection
	GlobalSection(ProjectConfigurationPlatforms) = postSolution
		{FEFC62A5-7B42-4DF6-86CA-0C57D1984A17}.Debug|Any CPU.ActiveCfg = Debug|Any CPU
		{FEFC62A5-7B42-4DF6-86CA-0C57D1984A17}.Debug|Any CPU.Build.0 = Debug|Any CPU
		{FEFC62A5-7B42-4DF6-86CA-0C57D1984A17}.Release|Any CPU.ActiveCfg = Release|Any CPU
		{FEFC62A5-7B42-4DF6-86CA-0C57D1984A17}.Release|Any CPU.Build.0 = Release|Any CPU
		{901A7838-9CAA-4C4E-9D34-FD1ECEFB9E57}.Debug|Any CPU.ActiveCfg = Debug|Any CPU
		{901A7838-9CAA-4C4E-9D34-FD1ECEFB9E57}.Debug|Any CPU.Build.0 = Debug|Any CPU
		{901A7838-9CAA-4C4E-9D34-FD1ECEFB9E57}.Release|Any CPU.ActiveCfg = Release|Any CPU
		{901A7838-9CAA-4C4E-9D34-FD1ECEFB9E57}.Release|Any CPU.Build.0 = Release|Any CPU
	EndGlobalSection
	GlobalSection(SolutionProperties) = preSolution
		HideSolutionNode = FALSE
	EndGlobalSection
	GlobalSection(ExtensibilityGlobals) = postSolution
		SolutionGuid = {6FC3F508-3E1E-4177-B855-366A33B8EE60}
	EndGlobalSection
EndGlobal
